
Microsoft Visual Studio Solution File, Format Version 12.00
# Visual Studio Version 17
VisualStudioVersion = 17.10.35027.167
MinimumVisualStudioVersion = 10.0.40219.1
Project("{FAE04EC0-301F-11D3-BF4B-00C04F79EFBC}") = "MdsDemo", "MdsDemo.csproj", "{DEBBDEB1-8007-4398-8AB9-40181F924CEF}"
EndProject
Global
	GlobalSection(SolutionConfigurationPlatforms) = preSolution
		Debug|Any CPU = Debug|Any CPU
		Release|Any CPU = Release|Any CPU
	EndGlobalSection
	GlobalSection(ProjectConfigurationPlatforms) = postSolution
		{DEBBDEB1-8007-4398-8AB9-40181F924CEF}.Debug|Any CPU.ActiveCfg = Debug|Any CPU
		{DEBBDEB1-8007-4398-8AB9-40181F924CEF}.Debug|Any CPU.Build.0 = Debug|Any CPU
		{DEBBDEB1-8007-4398-8AB9-40181F924CEF}.Release|Any CPU.ActiveCfg = Release|Any CPU
		{DEBBDEB1-8007-4398-8AB9-40181F924CEF}.Release|Any CPU.Build.0 = Release|Any CPU
	EndGlobalSection
	GlobalSection(SolutionProperties) = preSolution
		HideSolutionNode = FALSE
	EndGlobalSection
	GlobalSection(ExtensibilityGlobals) = postSolution
		SolutionGuid = {05A7AC10-2E3D-4CEC-BCCB-BACCE583DA5A}
	EndGlobalSection
EndGlobal
